
Microsoft Visual Studio Solution File, Format Version 12.00
# Visual Studio Version 17
VisualStudioVersion = 17.0.31903.59
MinimumVisualStudioVersion = 10.0.40219.1
Project("{9A19103F-16F7-4668-BE54-9A1E7A4F7556}") = "PatrickBotman.Bot", "PatrickBotman.Bot\PatrickBotman.Bot.csproj", "{150681E7-27F6-4FD3-B9C9-6B87ECC51FE8}"
EndProject
Project("{9A19103F-16F7-4668-BE54-9A1E7A4F7556}") = "PatrickBotman.Common", "PatrickBotman.Common\PatrickBotman.Common.csproj", "{3813CDAE-665F-454B-B934-A0C324E7F581}"
EndProject
Project("{9A19103F-16F7-4668-BE54-9A1E7A4F7556}") = "PatrickBotman.AdminPortal", "PatrickBotman.AdminPortal\PatrickBotman.AdminPortal.csproj", "{68C02833-BE4E-4112-88C7-27149EE6F842}"
EndProject
Global
	GlobalSection(SolutionConfigurationPlatforms) = preSolution
		Debug|Any CPU = Debug|Any CPU
		Release|Any CPU = Release|Any CPU
	EndGlobalSection
	GlobalSection(ProjectConfigurationPlatforms) = postSolution
		{150681E7-27F6-4FD3-B9C9-6B87ECC51FE8}.Debug|Any CPU.ActiveCfg = Debug|Any CPU
		{150681E7-27F6-4FD3-B9C9-6B87ECC51FE8}.Debug|Any CPU.Build.0 = Debug|Any CPU
		{150681E7-27F6-4FD3-B9C9-6B87ECC51FE8}.Release|Any CPU.ActiveCfg = Release|Any CPU
		{150681E7-27F6-4FD3-B9C9-6B87ECC51FE8}.Release|Any CPU.Build.0 = Release|Any CPU
		{3813CDAE-665F-454B-B934-A0C324E7F581}.Debug|Any CPU.ActiveCfg = Debug|Any CPU
		{3813CDAE-665F-454B-B934-A0C324E7F581}.Debug|Any CPU.Build.0 = Debug|Any CPU
		{3813CDAE-665F-454B-B934-A0C324E7F581}.Release|Any CPU.ActiveCfg = Release|Any CPU
		{3813CDAE-665F-454B-B934-A0C324E7F581}.Release|Any CPU.Build.0 = Release|Any CPU
		{68C02833-BE4E-4112-88C7-27149EE6F842}.Debug|Any CPU.ActiveCfg = Debug|Any CPU
		{68C02833-BE4E-4112-88C7-27149EE6F842}.Debug|Any CPU.Build.0 = Debug|Any CPU
		{68C02833-BE4E-4112-88C7-27149EE6F842}.Release|Any CPU.ActiveCfg = Release|Any CPU
		{68C02833-BE4E-4112-88C7-27149EE6F842}.Release|Any CPU.Build.0 = Release|Any CPU
	EndGlobalSection
	GlobalSection(SolutionProperties) = preSolution
		HideSolutionNode = FALSE
	EndGlobalSection
	GlobalSection(ExtensibilityGlobals) = postSolution
		SolutionGuid = {F96C800B-E71F-46BF-88A1-8B49D2CD6CA6}
	EndGlobalSection
EndGlobal
