
Microsoft Visual Studio Solution File, Format Version 12.00
# Visual Studio Version 17
VisualStudioVersion = 17.3.32825.248
MinimumVisualStudioVersion = 10.0.40219.1
Project("{FAE04EC0-301F-11D3-BF4B-00C04F79EFBC}") = "patrick-botman", "patrick-botman.csproj", "{05494701-685F-4618-A23C-4F2426690C13}"
EndProject
Global
	GlobalSection(SolutionConfigurationPlatforms) = preSolution
		Debug|Any CPU = Debug|Any CPU
		Release|Any CPU = Release|Any CPU
	EndGlobalSection
	GlobalSection(ProjectConfigurationPlatforms) = postSolution
		{05494701-685F-4618-A23C-4F2426690C13}.Debug|Any CPU.ActiveCfg = Debug|Any CPU
		{05494701-685F-4618-A23C-4F2426690C13}.Debug|Any CPU.Build.0 = Debug|Any CPU
		{05494701-685F-4618-A23C-4F2426690C13}.Release|Any CPU.ActiveCfg = Release|Any CPU
		{05494701-685F-4618-A23C-4F2426690C13}.Release|Any CPU.Build.0 = Release|Any CPU
	EndGlobalSection
	GlobalSection(SolutionProperties) = preSolution
		HideSolutionNode = FALSE
	EndGlobalSection
	GlobalSection(ExtensibilityGlobals) = postSolution
		SolutionGuid = {ABEF4D5A-6AC4-4B6B-89DF-C07ABDC64AC2}
	EndGlobalSection
EndGlobal
